
Microsoft Visual Studio Solution File, Format Version 12.00
# Visual Studio Version 17
VisualStudioVersion = 17.6.33829.357
MinimumVisualStudioVersion = 10.0.40219.1
Project("{2150E333-8FDC-42A3-9474-1A3956D46DE8}") = "scr", "scr", "{C2B2FFA9-57F3-4F90-BDB8-23B1543969CA}"
EndProject
Project("{2150E333-8FDC-42A3-9474-1A3956D46DE8}") = "test", "test", "{A2420F92-C35C-4CF4-A066-FD24EE0EBC54}"
EndProject
Project("{9A19103F-16F7-4668-BE54-9A1E7A4F7556}") = "Domain", "Doamin\Domain.csproj", "{EB2372DB-55C5-4314-8860-46F685891BBB}"
EndProject
Project("{9A19103F-16F7-4668-BE54-9A1E7A4F7556}") = "Application", "Application\Application.csproj", "{927093FF-4CE1-4D3B-B0E3-2E9D2FCB4AD3}"
EndProject
Project("{9A19103F-16F7-4668-BE54-9A1E7A4F7556}") = "Infrastructure", "Infrastructure\Infrastructure.csproj", "{BE780C3F-21A5-4DF3-ADF2-0325DCED3710}"
EndProject
Project("{9A19103F-16F7-4668-BE54-9A1E7A4F7556}") = "Api", "Api\Api.csproj", "{E0CFBB47-ACC0-4011-9942-ADD59B7BAFB1}"
EndProject
Project("{E53339B2-1760-4266-BCC7-CA923CBCF16C}") = "docker-compose", "docker-compose.dcproj", "{2555E323-7525-4405-A8D9-25F7D207D359}"
EndProject
Project("{FAE04EC0-301F-11D3-BF4B-00C04F79EFBC}") = "Application.UnitTests", "test\Application.UnitTests\Application.UnitTests.csproj", "{9CA975EA-81BD-4765-BE71-4B67FB460E76}"
EndProject
Project("{FAE04EC0-301F-11D3-BF4B-00C04F79EFBC}") = "ArchitectureTests", "test\ArchitectureTests\ArchitectureTests.csproj", "{1D0CEF55-755C-42B6-8154-B74A7C295EF6}"
EndProject
Project("{FAE04EC0-301F-11D3-BF4B-00C04F79EFBC}") = "Domain.UnitTests", "test\Domain.UnitTests\Domain.UnitTests.csproj", "{1D5B48CC-0B23-4A03-A172-A1E41903B06A}"
EndProject
Global
	GlobalSection(SolutionConfigurationPlatforms) = preSolution
		Debug|Any CPU = Debug|Any CPU
		Release|Any CPU = Release|Any CPU
	EndGlobalSection
	GlobalSection(ProjectConfigurationPlatforms) = postSolution
		{EB2372DB-55C5-4314-8860-46F685891BBB}.Debug|Any CPU.ActiveCfg = Debug|Any CPU
		{EB2372DB-55C5-4314-8860-46F685891BBB}.Debug|Any CPU.Build.0 = Debug|Any CPU
		{EB2372DB-55C5-4314-8860-46F685891BBB}.Release|Any CPU.ActiveCfg = Release|Any CPU
		{EB2372DB-55C5-4314-8860-46F685891BBB}.Release|Any CPU.Build.0 = Release|Any CPU
		{927093FF-4CE1-4D3B-B0E3-2E9D2FCB4AD3}.Debug|Any CPU.ActiveCfg = Debug|Any CPU
		{927093FF-4CE1-4D3B-B0E3-2E9D2FCB4AD3}.Debug|Any CPU.Build.0 = Debug|Any CPU
		{927093FF-4CE1-4D3B-B0E3-2E9D2FCB4AD3}.Release|Any CPU.ActiveCfg = Release|Any CPU
		{927093FF-4CE1-4D3B-B0E3-2E9D2FCB4AD3}.Release|Any CPU.Build.0 = Release|Any CPU
		{BE780C3F-21A5-4DF3-ADF2-0325DCED3710}.Debug|Any CPU.ActiveCfg = Debug|Any CPU
		{BE780C3F-21A5-4DF3-ADF2-0325DCED3710}.Debug|Any CPU.Build.0 = Debug|Any CPU
		{BE780C3F-21A5-4DF3-ADF2-0325DCED3710}.Release|Any CPU.ActiveCfg = Release|Any CPU
		{BE780C3F-21A5-4DF3-ADF2-0325DCED3710}.Release|Any CPU.Build.0 = Release|Any CPU
		{E0CFBB47-ACC0-4011-9942-ADD59B7BAFB1}.Debug|Any CPU.ActiveCfg = Debug|Any CPU
		{E0CFBB47-ACC0-4011-9942-ADD59B7BAFB1}.Debug|Any CPU.Build.0 = Debug|Any CPU
		{E0CFBB47-ACC0-4011-9942-ADD59B7BAFB1}.Release|Any CPU.ActiveCfg = Release|Any CPU
		{E0CFBB47-ACC0-4011-9942-ADD59B7BAFB1}.Release|Any CPU.Build.0 = Release|Any CPU
		{2555E323-7525-4405-A8D9-25F7D207D359}.Debug|Any CPU.ActiveCfg = Debug|Any CPU
		{2555E323-7525-4405-A8D9-25F7D207D359}.Debug|Any CPU.Build.0 = Debug|Any CPU
		{2555E323-7525-4405-A8D9-25F7D207D359}.Release|Any CPU.ActiveCfg = Release|Any CPU
		{2555E323-7525-4405-A8D9-25F7D207D359}.Release|Any CPU.Build.0 = Release|Any CPU
		{9CA975EA-81BD-4765-BE71-4B67FB460E76}.Debug|Any CPU.ActiveCfg = Debug|Any CPU
		{9CA975EA-81BD-4765-BE71-4B67FB460E76}.Debug|Any CPU.Build.0 = Debug|Any CPU
		{9CA975EA-81BD-4765-BE71-4B67FB460E76}.Release|Any CPU.ActiveCfg = Release|Any CPU
		{9CA975EA-81BD-4765-BE71-4B67FB460E76}.Release|Any CPU.Build.0 = Release|Any CPU
		{1D0CEF55-755C-42B6-8154-B74A7C295EF6}.Debug|Any CPU.ActiveCfg = Debug|Any CPU
		{1D0CEF55-755C-42B6-8154-B74A7C295EF6}.Debug|Any CPU.Build.0 = Debug|Any CPU
		{1D0CEF55-755C-42B6-8154-B74A7C295EF6}.Release|Any CPU.ActiveCfg = Release|Any CPU
		{1D0CEF55-755C-42B6-8154-B74A7C295EF6}.Release|Any CPU.Build.0 = Release|Any CPU
		{1D5B48CC-0B23-4A03-A172-A1E41903B06A}.Debug|Any CPU.ActiveCfg = Debug|Any CPU
		{1D5B48CC-0B23-4A03-A172-A1E41903B06A}.Debug|Any CPU.Build.0 = Debug|Any CPU
		{1D5B48CC-0B23-4A03-A172-A1E41903B06A}.Release|Any CPU.ActiveCfg = Release|Any CPU
		{1D5B48CC-0B23-4A03-A172-A1E41903B06A}.Release|Any CPU.Build.0 = Release|Any CPU
	EndGlobalSection
	GlobalSection(SolutionProperties) = preSolution
		HideSolutionNode = FALSE
	EndGlobalSection
	GlobalSection(NestedProjects) = preSolution
		{EB2372DB-55C5-4314-8860-46F685891BBB} = {C2B2FFA9-57F3-4F90-BDB8-23B1543969CA}
		{927093FF-4CE1-4D3B-B0E3-2E9D2FCB4AD3} = {C2B2FFA9-57F3-4F90-BDB8-23B1543969CA}
		{BE780C3F-21A5-4DF3-ADF2-0325DCED3710} = {C2B2FFA9-57F3-4F90-BDB8-23B1543969CA}
		{E0CFBB47-ACC0-4011-9942-ADD59B7BAFB1} = {C2B2FFA9-57F3-4F90-BDB8-23B1543969CA}
		{9CA975EA-81BD-4765-BE71-4B67FB460E76} = {A2420F92-C35C-4CF4-A066-FD24EE0EBC54}
		{1D0CEF55-755C-42B6-8154-B74A7C295EF6} = {A2420F92-C35C-4CF4-A066-FD24EE0EBC54}
		{1D5B48CC-0B23-4A03-A172-A1E41903B06A} = {A2420F92-C35C-4CF4-A066-FD24EE0EBC54}
	EndGlobalSection
	GlobalSection(ExtensibilityGlobals) = postSolution
		SolutionGuid = {A109D166-C82B-4847-95BD-BF930A56F41C}
	EndGlobalSection
EndGlobal
